# This file may be used to create an environment using:
# $ conda create --name <env> --file <this file>
# platform: linux-64
# created-by: conda 26.3.1
@EXPLICIT
https://conda.anaconda.org/nvidia/linux-64/cuda-nvcc-11.6.124-hbba6d2d_0.tar.bz2
https://mirrors.tuna.tsinghua.edu.cn/anaconda/cloud/pytorch/noarch/pytorch-mutex-1.0-cpu.tar.bz2
https://mirrors.tuna.tsinghua.edu.cn/anaconda/cloud/conda-forge/noarch/ca-certificates-2026.4.22-hbd8a1cb_0.conda
https://conda.anaconda.org/nvidia/linux-64/cuda-cccl-11.6.55-hf6102b2_0.tar.bz2
https://conda.anaconda.org/nvidia/linux-64/cuda-cudart-11.6.55-he381448_0.tar.bz2
https://mirrors.tuna.tsinghua.edu.cn/anaconda/cloud/conda-forge/noarch/cuda-version-11.6-hca96458_3.conda
https://conda.anaconda.org/conda-forge/noarch/kernel-headers_linux-64-6.12.0-he073ed8_6.conda
https://mirrors.tuna.tsinghua.edu.cn/anaconda/pkgs/main/linux-64/ld_impl_linux-64-2.40-h12ee557_0.conda
https://conda.anaconda.org/nvidia/linux-64/libcublas-11.6.5.2-0.tar.bz2
https://conda.anaconda.org/nvidia/linux-64/libcusolver-11.3.4.124-h33c3c4e_0.tar.bz2
https://conda.anaconda.org/nvidia/linux-64/libcusparse-12.3.1.170-0.tar.bz2
https://mirrors.tuna.tsinghua.edu.cn/anaconda/pkgs/main/linux-64/libgcc-devel_linux-64-11.2.0-h1234567_1.conda
https://mirrors.tuna.tsinghua.edu.cn/anaconda/cloud/conda-forge/linux-64/libgomp-15.2.0-he0feb66_19.conda
https://mirrors.tuna.tsinghua.edu.cn/anaconda/pkgs/main/linux-64/libstdcxx-devel_linux-64-11.2.0-h1234567_1.conda
https://mirrors.tuna.tsinghua.edu.cn/anaconda/cloud/conda-forge/linux-64/libzlib-1.3.2-h25fd6f3_2.conda
https://mirrors.tuna.tsinghua.edu.cn/anaconda/cloud/conda-forge/linux-64/mkl-include-2022.1.0-h84fe81f_915.tar.bz2
https://mirrors.tuna.tsinghua.edu.cn/anaconda/cloud/conda-forge/linux-64/mpi-1.0-openmpi.tar.bz2
https://mirrors.tuna.tsinghua.edu.cn/anaconda/cloud/conda-forge/noarch/python_abi-3.9-8_cp39.conda
https://mirrors.tuna.tsinghua.edu.cn/anaconda/cloud/conda-forge/noarch/typing-extensions-4.14.1-h4440ef1_0.conda
https://mirrors.tuna.tsinghua.edu.cn/anaconda/cloud/conda-forge/noarch/tzdata-2025c-hc9c84f9_1.conda
https://conda.anaconda.org/nvidia/linux-64/cuda-cudart-dev-11.6.55-h42ad0f4_0.tar.bz2
https://conda.anaconda.org/nvidia/linux-64/libcublas-dev-11.6.5.2-0.tar.bz2
https://conda.anaconda.org/nvidia/linux-64/libcusolver-dev-11.3.4.124-h203c794_0.tar.bz2
https://conda.anaconda.org/nvidia/linux-64/libcusparse-dev-11.6.0.120-0.tar.bz2
https://mirrors.tuna.tsinghua.edu.cn/anaconda/cloud/conda-forge/linux-64/llvm-openmp-15.0.7-h0cdce71_0.conda
https://conda.anaconda.org/conda-forge/noarch/sysroot_linux-64-2.39-hc4b9eeb_6.conda
https://mirrors.tuna.tsinghua.edu.cn/anaconda/cloud/conda-forge/linux-64/zlib-1.3.2-h25fd6f3_2.conda
https://conda.anaconda.org/conda-forge/linux-64/zstd-1.5.7-hb78ec9c_6.conda
https://mirrors.tuna.tsinghua.edu.cn/anaconda/cloud/conda-forge/linux-64/_openmp_mutex-4.5-7_kmp_llvm.conda
https://mirrors.tuna.tsinghua.edu.cn/anaconda/cloud/conda-forge/linux-64/libgcc-15.2.0-he0feb66_19.conda
https://mirrors.tuna.tsinghua.edu.cn/anaconda/cloud/conda-forge/linux-64/bzip2-1.0.8-hda65f42_9.conda
https://conda.anaconda.org/bioconda/linux-64/kalign2-2.04-h7b50bb2_8.tar.bz2
https://mirrors.tuna.tsinghua.edu.cn/anaconda/cloud/conda-forge/linux-64/libexpat-2.8.0-hecca717_0.conda
https://mirrors.tuna.tsinghua.edu.cn/anaconda/cloud/conda-forge/linux-64/libffi-3.5.2-h3435931_0.conda
https://mirrors.tuna.tsinghua.edu.cn/anaconda/cloud/conda-forge/linux-64/libgcc-ng-15.2.0-h69a702a_19.conda
https://mirrors.tuna.tsinghua.edu.cn/anaconda/cloud/conda-forge/linux-64/libgfortran5-15.2.0-h68bc16d_19.conda
https://conda.anaconda.org/conda-forge/linux-64/libiconv-1.18-h3b78370_2.conda
https://mirrors.tuna.tsinghua.edu.cn/anaconda/cloud/conda-forge/linux-64/liblzma-5.8.3-hb03c661_0.conda
https://conda.anaconda.org/conda-forge/linux-64/libnsl-2.0.1-hb9d3cd8_1.conda
https://mirrors.tuna.tsinghua.edu.cn/anaconda/cloud/conda-forge/linux-64/libsqlite-3.53.1-h0c1763c_0.conda
https://mirrors.tuna.tsinghua.edu.cn/anaconda/cloud/conda-forge/linux-64/libstdcxx-15.2.0-h934c35e_19.conda
https://mirrors.tuna.tsinghua.edu.cn/anaconda/cloud/conda-forge/linux-64/libuuid-2.42-h5347b49_0.conda
https://mirrors.tuna.tsinghua.edu.cn/anaconda/cloud/conda-forge/linux-64/ncurses-6.6-hdb14827_0.conda
https://conda.anaconda.org/conda-forge/linux-64/openssl-3.6.2-h35e630c_0.conda
https://conda.anaconda.org/conda-forge/linux-64/tk-8.6.13-noxft_h366c992_103.conda
https://conda.anaconda.org/conda-forge/linux-64/yaml-0.2.5-h280c20c_3.conda
https://mirrors.tuna.tsinghua.edu.cn/anaconda/cloud/conda-forge/linux-64/icu-78.3-h33c6efd_0.conda
https://mirrors.tuna.tsinghua.edu.cn/anaconda/cloud/conda-forge/linux-64/libgfortran-15.2.0-h69a702a_19.conda
https://mirrors.tuna.tsinghua.edu.cn/anaconda/cloud/conda-forge/linux-64/libstdcxx-ng-15.2.0-hdf11a46_19.conda
https://conda.anaconda.org/conda-forge/linux-64/libxcrypt-4.4.36-hd590300_1.conda
https://mirrors.tuna.tsinghua.edu.cn/anaconda/cloud/conda-forge/linux-64/ninja-1.13.2-h171cf75_0.conda
https://conda.anaconda.org/conda-forge/linux-64/opencl-headers-2025.06.13-hecca717_0.conda
https://mirrors.tuna.tsinghua.edu.cn/anaconda/cloud/conda-forge/linux-64/readline-8.3-h853b02a_0.conda
https://mirrors.tuna.tsinghua.edu.cn/anaconda/cloud/conda-forge/linux-64/sleef-3.9.0-ha0421bc_0.conda
https://mirrors.tuna.tsinghua.edu.cn/anaconda/pkgs/main/linux-64/binutils_impl_linux-64-2.40-h5293946_0.conda
https://mirrors.tuna.tsinghua.edu.cn/anaconda/cloud/conda-forge/linux-64/cudatoolkit-11.6.2-hfc3e2af_13.conda
https://conda.anaconda.org/conda-forge/linux-64/gmp-6.3.0-hac33072_2.conda
https://mirrors.tuna.tsinghua.edu.cn/anaconda/cloud/conda-forge/linux-64/libgfortran-ng-15.2.0-h69a702a_19.conda
https://mirrors.tuna.tsinghua.edu.cn/anaconda/cloud/conda-forge/linux-64/libprotobuf-3.21.12-hfc55251_2.conda
https://mirrors.tuna.tsinghua.edu.cn/anaconda/cloud/conda-forge/linux-64/libxml2-16-2.15.3-hca6bf5a_0.conda
https://mirrors.tuna.tsinghua.edu.cn/anaconda/cloud/conda-forge/linux-64/nccl-2.27.3.1-h03a54cd_0.conda
https://conda.anaconda.org/conda-forge/linux-64/ocl-icd-2.3.3-hb9d3cd8_0.conda
https://conda.anaconda.org/conda-forge/linux-64/perl-5.32.1-7_hd590300_perl5.conda
https://mirrors.tuna.tsinghua.edu.cn/anaconda/cloud/conda-forge/linux-64/python-3.9.23-hc30ae73_0_cpython.conda
https://mirrors.tuna.tsinghua.edu.cn/anaconda/cloud/conda-forge/noarch/aiohappyeyeballs-2.6.1-pyhd8ed1ab_0.conda
https://mirrors.tuna.tsinghua.edu.cn/anaconda/cloud/conda-forge/noarch/antlr-python-runtime-4.9.3-pyhd8ed1ab_1.tar.bz2
https://mirrors.tuna.tsinghua.edu.cn/anaconda/cloud/conda-forge/noarch/async-timeout-5.0.1-pyhd8ed1ab_1.conda
https://mirrors.tuna.tsinghua.edu.cn/anaconda/cloud/conda-forge/noarch/attrs-25.3.0-pyh71513ae_0.conda
https://mirrors.tuna.tsinghua.edu.cn/anaconda/pkgs/main/linux-64/binutils_linux-64-2.40.0-h06a4308_3.conda
https://mirrors.tuna.tsinghua.edu.cn/anaconda/cloud/conda-forge/linux-64/brotli-python-1.1.0-py39hf88036b_3.conda
https://mirrors.tuna.tsinghua.edu.cn/anaconda/pkgs/main/linux-64/certifi-2025.10.5-py39h06a4308_0.conda
https://mirrors.tuna.tsinghua.edu.cn/anaconda/cloud/conda-forge/noarch/charset-normalizer-3.4.3-pyhd8ed1ab_0.conda
https://mirrors.tuna.tsinghua.edu.cn/anaconda/cloud/conda-forge/noarch/colorama-0.4.6-pyhd8ed1ab_1.conda
https://mirrors.tuna.tsinghua.edu.cn/anaconda/cloud/conda-forge/noarch/cpython-3.9.23-py39hd8ed1ab_0.conda
https://mirrors.tuna.tsinghua.edu.cn/anaconda/cloud/conda-forge/linux-64/cudnn-8.9.7.29-hbc23b4c_3.conda
https://mirrors.tuna.tsinghua.edu.cn/anaconda/cloud/conda-forge/noarch/einops-0.8.1-pyhd8ed1ab_0.conda
https://mirrors.tuna.tsinghua.edu.cn/anaconda/cloud/conda-forge/noarch/exceptiongroup-1.3.0-pyhd8ed1ab_0.conda
https://mirrors.tuna.tsinghua.edu.cn/anaconda/cloud/conda-forge/noarch/filelock-3.19.1-pyhd8ed1ab_0.conda
https://mirrors.tuna.tsinghua.edu.cn/anaconda/cloud/conda-forge/linux-64/frozenlist-1.7.0-py39h53edacf_0.conda
https://mirrors.tuna.tsinghua.edu.cn/anaconda/cloud/conda-forge/noarch/fsspec-2025.7.0-pyhd8ed1ab_0.conda
https://mirrors.tuna.tsinghua.edu.cn/anaconda/pkgs/main/linux-64/gcc_impl_linux-64-11.2.0-h1234567_1.conda
https://conda.anaconda.org/bioconda/linux-64/hhsuite-3.3.0-h503566f_15.tar.bz2
https://conda.anaconda.org/conda-forge/noarch/hpack-4.1.0-pyhd8ed1ab_0.conda
https://conda.anaconda.org/conda-forge/noarch/hyperframe-6.1.0-pyhd8ed1ab_0.conda
https://mirrors.tuna.tsinghua.edu.cn/anaconda/cloud/conda-forge/noarch/idna-3.11-pyhf9edf01_1.conda
https://mirrors.tuna.tsinghua.edu.cn/anaconda/cloud/conda-forge/noarch/iniconfig-2.0.0-pyhd8ed1ab_1.conda
https://mirrors.tuna.tsinghua.edu.cn/anaconda/cloud/conda-forge/noarch/joblib-1.5.1-pyhd8ed1ab_0.conda
https://mirrors.tuna.tsinghua.edu.cn/anaconda/cloud/conda-forge/linux-64/libxml2-2.15.3-h49c6c72_0.conda
https://mirrors.tuna.tsinghua.edu.cn/anaconda/cloud/conda-forge/linux-64/markupsafe-3.0.2-py39h9399b63_1.conda
https://mirrors.tuna.tsinghua.edu.cn/anaconda/cloud/conda-forge/linux-64/mpfr-4.2.2-he0a73b1_0.conda
https://mirrors.tuna.tsinghua.edu.cn/anaconda/cloud/conda-forge/noarch/mpmath-1.3.0-pyhd8ed1ab_1.conda
https://mirrors.tuna.tsinghua.edu.cn/anaconda/cloud/conda-forge/linux-64/multidict-6.6.3-py39h9399b63_0.conda
https://mirrors.tuna.tsinghua.edu.cn/anaconda/cloud/conda-forge/noarch/networkx-3.2.1-pyhd8ed1ab_0.conda
https://conda.anaconda.org/conda-forge/linux-64/ocl-icd-system-1.0.0-1.tar.bz2
https://mirrors.tuna.tsinghua.edu.cn/anaconda/cloud/conda-forge/linux-64/openmpi-4.1.6-hc5af2df_101.conda
https://mirrors.tuna.tsinghua.edu.cn/anaconda/cloud/conda-forge/noarch/packaging-26.2-pyhc364b38_0.conda
https://mirrors.tuna.tsinghua.edu.cn/anaconda/cloud/conda-forge/noarch/pluggy-1.6.0-pyhf9edf01_1.conda
https://mirrors.tuna.tsinghua.edu.cn/anaconda/cloud/conda-forge/linux-64/propcache-0.3.1-py39h9399b63_0.conda
https://mirrors.tuna.tsinghua.edu.cn/anaconda/cloud/conda-forge/linux-64/psutil-7.0.0-py39h8cd3c5a_0.conda
https://conda.anaconda.org/conda-forge/noarch/pycparser-2.22-pyh29332c3_1.conda
https://mirrors.tuna.tsinghua.edu.cn/anaconda/cloud/conda-forge/noarch/pygments-2.19.2-pyhd8ed1ab_0.conda
https://mirrors.tuna.tsinghua.edu.cn/anaconda/cloud/conda-forge/noarch/pyparsing-3.2.3-pyhe01879c_2.conda
https://conda.anaconda.org/conda-forge/noarch/pysocks-1.7.1-pyha55dd90_7.conda
https://mirrors.tuna.tsinghua.edu.cn/anaconda/cloud/conda-forge/noarch/python-tzdata-2025.2-pyhd8ed1ab_0.conda
https://mirrors.tuna.tsinghua.edu.cn/anaconda/cloud/conda-forge/noarch/pytz-2025.2-pyhd8ed1ab_0.conda
https://conda.anaconda.org/conda-forge/noarch/six-1.17.0-pyhe01879c_1.conda
https://mirrors.tuna.tsinghua.edu.cn/anaconda/cloud/conda-forge/noarch/threadpoolctl-3.6.0-pyhecae5ae_0.conda
https://mirrors.tuna.tsinghua.edu.cn/anaconda/cloud/conda-forge/noarch/tomli-2.2.1-pyhe01879c_2.conda
https://mirrors.tuna.tsinghua.edu.cn/anaconda/cloud/conda-forge/noarch/wheel-0.45.1-pyhd8ed1ab_1.conda
https://mirrors.tuna.tsinghua.edu.cn/anaconda/cloud/conda-forge/noarch/aiosignal-1.4.0-pyhd8ed1ab_0.conda
https://mirrors.tuna.tsinghua.edu.cn/anaconda/cloud/conda-forge/linux-64/cffi-1.17.1-py39h15c3d72_0.conda
https://mirrors.tuna.tsinghua.edu.cn/anaconda/pkgs/main/linux-64/gcc_linux-64-11.2.0-h931ca3c_3.conda
https://mirrors.tuna.tsinghua.edu.cn/anaconda/pkgs/main/linux-64/gxx_impl_linux-64-11.2.0-h1234567_1.conda
https://mirrors.tuna.tsinghua.edu.cn/anaconda/cloud/conda-forge/noarch/h2-4.2.0-pyhd8ed1ab_0.conda
https://mirrors.tuna.tsinghua.edu.cn/anaconda/cloud/conda-forge/noarch/jinja2-3.1.6-pyhd8ed1ab_0.conda
https://mirrors.tuna.tsinghua.edu.cn/anaconda/cloud/conda-forge/linux-64/libhwloc-2.12.2-default_hafda6a7_1000.conda
https://mirrors.tuna.tsinghua.edu.cn/anaconda/cloud/conda-forge/linux-64/mpc-1.4.0-he0a73b1_0.conda
https://mirrors.tuna.tsinghua.edu.cn/anaconda/cloud/conda-forge/noarch/omegaconf-2.3.0-pyhd8ed1ab_0.conda
https://mirrors.tuna.tsinghua.edu.cn/anaconda/cloud/conda-forge/noarch/pip-25.2-pyh8b19718_0.conda
https://mirrors.tuna.tsinghua.edu.cn/anaconda/cloud/conda-forge/noarch/pytest-8.4.1-pyhd8ed1ab_0.conda
https://conda.anaconda.org/conda-forge/noarch/python-dateutil-2.9.0.post0-pyhe01879c_2.conda
https://mirrors.tuna.tsinghua.edu.cn/anaconda/cloud/conda-forge/noarch/tqdm-4.67.1-pyhd8ed1ab_1.conda
https://mirrors.tuna.tsinghua.edu.cn/anaconda/cloud/conda-forge/linux-64/yarl-1.20.1-py39h9399b63_0.conda
https://mirrors.tuna.tsinghua.edu.cn/anaconda/cloud/conda-forge/linux-64/aiohttp-3.12.15-py39heb7d2ae_0.conda
https://mirrors.tuna.tsinghua.edu.cn/anaconda/cloud/conda-forge/linux-64/gmpy2-2.2.1-py39h7196dd7_0.conda
https://mirrors.tuna.tsinghua.edu.cn/anaconda/pkgs/main/linux-64/gxx_linux-64-11.2.0-h06a4308_3.conda
https://mirrors.tuna.tsinghua.edu.cn/anaconda/cloud/conda-forge/noarch/hydra-core-1.3.2-pyhd8ed1ab_1.conda
https://mirrors.tuna.tsinghua.edu.cn/anaconda/cloud/conda-forge/linux-64/tbb-2021.13.0-hb700be7_5.conda
https://mirrors.tuna.tsinghua.edu.cn/anaconda/cloud/conda-forge/linux-64/zstandard-0.23.0-py39hd399759_3.conda
https://mirrors.tuna.tsinghua.edu.cn/anaconda/cloud/conda-forge/linux-64/mkl-2022.1.0-h84fe81f_915.tar.bz2
https://mirrors.tuna.tsinghua.edu.cn/anaconda/cloud/conda-forge/noarch/urllib3-2.5.0-pyhd8ed1ab_0.conda
https://mirrors.tuna.tsinghua.edu.cn/anaconda/cloud/conda-forge/linux-64/libblas-3.9.0-16_linux64_mkl.tar.bz2
https://mirrors.tuna.tsinghua.edu.cn/anaconda/cloud/conda-forge/linux-64/mkl-devel-2022.1.0-ha770c72_916.tar.bz2
https://mirrors.tuna.tsinghua.edu.cn/anaconda/cloud/conda-forge/noarch/requests-2.32.5-pyhd8ed1ab_0.conda
https://mirrors.tuna.tsinghua.edu.cn/anaconda/cloud/conda-forge/linux-64/libcblas-3.9.0-16_linux64_mkl.tar.bz2
https://mirrors.tuna.tsinghua.edu.cn/anaconda/cloud/conda-forge/linux-64/liblapack-3.9.0-16_linux64_mkl.tar.bz2
https://mirrors.tuna.tsinghua.edu.cn/anaconda/cloud/conda-forge/linux-64/gsl-2.7-he838d99_0.tar.bz2
https://mirrors.tuna.tsinghua.edu.cn/anaconda/cloud/conda-forge/linux-64/liblapacke-3.9.0-16_linux64_mkl.tar.bz2
https://mirrors.tuna.tsinghua.edu.cn/anaconda/cloud/conda-forge/linux-64/magma-2.5.4-hc72dce7_4.tar.bz2
https://mirrors.tuna.tsinghua.edu.cn/anaconda/cloud/conda-forge/linux-64/numpy-1.26.4-py39h474f0d3_0.conda
https://mirrors.tuna.tsinghua.edu.cn/anaconda/cloud/conda-forge/linux-64/blas-devel-3.9.0-16_linux64_mkl.tar.bz2
https://conda.anaconda.org/bioconda/linux-64/hmmer-3.4-hb6cb901_4.tar.bz2
https://mirrors.tuna.tsinghua.edu.cn/anaconda/cloud/conda-forge/linux-64/pandas-2.3.1-py39h1b6b32d_0.conda
https://mirrors.tuna.tsinghua.edu.cn/anaconda/cloud/conda-forge/linux-64/pytorch-1.12.1-cuda112py39hb0b7ed5_201.tar.bz2
https://mirrors.tuna.tsinghua.edu.cn/anaconda/cloud/conda-forge/linux-64/scipy-1.13.1-py39haf93ffa_0.conda
https://mirrors.tuna.tsinghua.edu.cn/anaconda/cloud/conda-forge/linux-64/blas-2.116-mkl.tar.bz2
https://mirrors.tuna.tsinghua.edu.cn/anaconda/cloud/conda-forge/linux-64/fairscale-0.4.3-py39hf3d152e_0.tar.bz2
https://mirrors.tuna.tsinghua.edu.cn/anaconda/cloud/conda-forge/linux-64/openmm-8.1.1-py39he81762f_1.conda
https://mirrors.tuna.tsinghua.edu.cn/anaconda/cloud/conda-forge/linux-64/scikit-learn-1.6.1-py39h4b7350c_0.conda
https://mirrors.tuna.tsinghua.edu.cn/anaconda/cloud/conda-forge/noarch/pdbfixer-1.9-pyh1a96a4e_0.conda
https://conda.anaconda.org/pyg/linux-64/pyg-2.5.2-py39_torch_1.12.0_cu116.tar.bz2
