DLLogger @ git+https://github.com/NVIDIA/dllogger.git@0478734ff7be75adde8d160e04872664d1c62e5f
absl-py==2.3.1
aiohttp==3.13.5
annotated-types==0.7.0
attrs==26.1.0
biopython==1.85
biotite==0.40.0
certifi==2026.4.22
charset-normalizer==3.4.7
click==8.1.8
contextlib2==21.6.0
deepspeed==0.19.0
dm-tree==0.1.8
eval-type-backport==0.3.1
frozenlist==1.8.0
fsspec==2025.10.0
gitdb==4.0.12
gitpython==3.1.50
hjson==3.1.0
idna==3.14
ihm==2.10
lightning-utilities==0.15.2
ml-collections==0.1.1
modelcif==1.7
msgpack==1.1.2
multidict==6.7.1
ninja==1.13.0
platformdirs==4.4.0
propcache==0.4.1
protobuf==6.33.6
psutil==7.2.2
py-cpuinfo==9.0.0
pydantic-core==2.46.4
pydantic==2.13.4
pytorch-lightning==2.6.0
pyyaml==6.0.3
sentry-sdk==2.59.0
setuptools==59.5.0
smmap==5.0.3
sympy==1.13.1
torchmetrics==1.8.2
tqdm==4.67.3
typing-extensions==4.15.0
typing-inspection==0.4.2
urllib3==2.6.3
wandb==0.26.1
yarl==1.22.0
